
Microsoft Visual Studio Solution File, Format Version 12.00
# Visual Studio Version 16
VisualStudioVersion = 16.0.31019.35
MinimumVisualStudioVersion = 10.0.40219.1
Project("{2150E333-8FDC-42A3-9474-1A3956D46DE8}") = "Database", "Database", "{FD584055-E3CE-4B14-A0B6-A8E2AECE82FF}"
EndProject
Project("{2150E333-8FDC-42A3-9474-1A3956D46DE8}") = "Infrastructure", "Infrastructure", "{BD1BD457-BBF6-4BD5-8DE4-1BDE59759D70}"
EndProject
Project("{2150E333-8FDC-42A3-9474-1A3956D46DE8}") = "Web", "Web", "{99D6F416-2789-440C-8BF0-16CA4DF155F8}"
EndProject
Project("{2150E333-8FDC-42A3-9474-1A3956D46DE8}") = "Tests", "Tests", "{7E2D76D5-AB2B-46C0-8283-AACFCE6F3E5A}"
EndProject
Project("{00D1A9C2-B5F0-4AF3-8072-F6C62B433612}") = "Database", "Database\Database.sqlproj", "{7665CFB2-C92F-4A03-9980-2B85EDBBBD24}"
EndProject
Project("{151D2E53-A2C4-4D7D-83FE-D05416EBD58E}") = "NetBoardRG", "Azure\NetBoardRG\NetBoardRG.deployproj", "{1EBF7F35-F30E-4481-8E67-EBE8F3A383FD}"
EndProject
Project("{9A19103F-16F7-4668-BE54-9A1E7A4F7556}") = "WebApp", "Web\Client\WebApp.csproj", "{7F14849C-E14B-49A3-BBDE-7613266D289F}"
EndProject
Project("{2150E333-8FDC-42A3-9474-1A3956D46DE8}") = "Functions", "Functions", "{499F5C01-4457-4F36-9383-516B05074B5B}"
EndProject
Project("{9A19103F-16F7-4668-BE54-9A1E7A4F7556}") = "Functions", "Functions\Functions.csproj", "{75D563F8-F266-405E-B6DB-56B0C4823899}"
EndProject
Project("{FAE04EC0-301F-11D3-BF4B-00C04F79EFBC}") = "Tests", "Tests\Tests.csproj", "{BB0C9C42-83D0-48DD-AC4F-5FF2E6E3F484}"
EndProject
Project("{FAE04EC0-301F-11D3-BF4B-00C04F79EFBC}") = "B2C", "Web\B2C\B2C.csproj", "{E3BB9A46-51C9-4080-B554-BD4E3B314333}"
EndProject
Global
	GlobalSection(SolutionConfigurationPlatforms) = preSolution
		Debug|Any CPU = Debug|Any CPU
		Debug|x86 = Debug|x86
		Release|Any CPU = Release|Any CPU
		Release|x86 = Release|x86
	EndGlobalSection
	GlobalSection(ProjectConfigurationPlatforms) = postSolution
		{7665CFB2-C92F-4A03-9980-2B85EDBBBD24}.Debug|Any CPU.ActiveCfg = Debug|Any CPU
		{7665CFB2-C92F-4A03-9980-2B85EDBBBD24}.Debug|Any CPU.Build.0 = Debug|Any CPU
		{7665CFB2-C92F-4A03-9980-2B85EDBBBD24}.Debug|Any CPU.Deploy.0 = Debug|Any CPU
		{7665CFB2-C92F-4A03-9980-2B85EDBBBD24}.Debug|x86.ActiveCfg = Debug|Any CPU
		{7665CFB2-C92F-4A03-9980-2B85EDBBBD24}.Debug|x86.Build.0 = Debug|Any CPU
		{7665CFB2-C92F-4A03-9980-2B85EDBBBD24}.Debug|x86.Deploy.0 = Debug|Any CPU
		{7665CFB2-C92F-4A03-9980-2B85EDBBBD24}.Release|Any CPU.ActiveCfg = Release|Any CPU
		{7665CFB2-C92F-4A03-9980-2B85EDBBBD24}.Release|Any CPU.Build.0 = Release|Any CPU
		{7665CFB2-C92F-4A03-9980-2B85EDBBBD24}.Release|Any CPU.Deploy.0 = Release|Any CPU
		{7665CFB2-C92F-4A03-9980-2B85EDBBBD24}.Release|x86.ActiveCfg = Release|Any CPU
		{7665CFB2-C92F-4A03-9980-2B85EDBBBD24}.Release|x86.Build.0 = Release|Any CPU
		{7665CFB2-C92F-4A03-9980-2B85EDBBBD24}.Release|x86.Deploy.0 = Release|Any CPU
		{1EBF7F35-F30E-4481-8E67-EBE8F3A383FD}.Debug|Any CPU.ActiveCfg = Debug|Any CPU
		{1EBF7F35-F30E-4481-8E67-EBE8F3A383FD}.Debug|Any CPU.Build.0 = Debug|Any CPU
		{1EBF7F35-F30E-4481-8E67-EBE8F3A383FD}.Debug|x86.ActiveCfg = Debug|Any CPU
		{1EBF7F35-F30E-4481-8E67-EBE8F3A383FD}.Debug|x86.Build.0 = Debug|Any CPU
		{1EBF7F35-F30E-4481-8E67-EBE8F3A383FD}.Release|Any CPU.ActiveCfg = Release|Any CPU
		{1EBF7F35-F30E-4481-8E67-EBE8F3A383FD}.Release|Any CPU.Build.0 = Release|Any CPU
		{1EBF7F35-F30E-4481-8E67-EBE8F3A383FD}.Release|x86.ActiveCfg = Release|Any CPU
		{1EBF7F35-F30E-4481-8E67-EBE8F3A383FD}.Release|x86.Build.0 = Release|Any CPU
		{7F14849C-E14B-49A3-BBDE-7613266D289F}.Debug|Any CPU.ActiveCfg = Debug|Any CPU
		{7F14849C-E14B-49A3-BBDE-7613266D289F}.Debug|Any CPU.Build.0 = Debug|Any CPU
		{7F14849C-E14B-49A3-BBDE-7613266D289F}.Debug|x86.ActiveCfg = Debug|Any CPU
		{7F14849C-E14B-49A3-BBDE-7613266D289F}.Debug|x86.Build.0 = Debug|Any CPU
		{7F14849C-E14B-49A3-BBDE-7613266D289F}.Release|Any CPU.ActiveCfg = Release|Any CPU
		{7F14849C-E14B-49A3-BBDE-7613266D289F}.Release|Any CPU.Build.0 = Release|Any CPU
		{7F14849C-E14B-49A3-BBDE-7613266D289F}.Release|x86.ActiveCfg = Release|Any CPU
		{7F14849C-E14B-49A3-BBDE-7613266D289F}.Release|x86.Build.0 = Release|Any CPU
		{75D563F8-F266-405E-B6DB-56B0C4823899}.Debug|Any CPU.ActiveCfg = Debug|Any CPU
		{75D563F8-F266-405E-B6DB-56B0C4823899}.Debug|Any CPU.Build.0 = Debug|Any CPU
		{75D563F8-F266-405E-B6DB-56B0C4823899}.Debug|x86.ActiveCfg = Debug|Any CPU
		{75D563F8-F266-405E-B6DB-56B0C4823899}.Debug|x86.Build.0 = Debug|Any CPU
		{75D563F8-F266-405E-B6DB-56B0C4823899}.Release|Any CPU.ActiveCfg = Release|Any CPU
		{75D563F8-F266-405E-B6DB-56B0C4823899}.Release|Any CPU.Build.0 = Release|Any CPU
		{75D563F8-F266-405E-B6DB-56B0C4823899}.Release|x86.ActiveCfg = Release|Any CPU
		{75D563F8-F266-405E-B6DB-56B0C4823899}.Release|x86.Build.0 = Release|Any CPU
		{BB0C9C42-83D0-48DD-AC4F-5FF2E6E3F484}.Debug|Any CPU.ActiveCfg = Debug|Any CPU
		{BB0C9C42-83D0-48DD-AC4F-5FF2E6E3F484}.Debug|Any CPU.Build.0 = Debug|Any CPU
		{BB0C9C42-83D0-48DD-AC4F-5FF2E6E3F484}.Debug|x86.ActiveCfg = Debug|Any CPU
		{BB0C9C42-83D0-48DD-AC4F-5FF2E6E3F484}.Debug|x86.Build.0 = Debug|Any CPU
		{BB0C9C42-83D0-48DD-AC4F-5FF2E6E3F484}.Release|Any CPU.ActiveCfg = Release|Any CPU
		{BB0C9C42-83D0-48DD-AC4F-5FF2E6E3F484}.Release|Any CPU.Build.0 = Release|Any CPU
		{BB0C9C42-83D0-48DD-AC4F-5FF2E6E3F484}.Release|x86.ActiveCfg = Release|Any CPU
		{BB0C9C42-83D0-48DD-AC4F-5FF2E6E3F484}.Release|x86.Build.0 = Release|Any CPU
		{E3BB9A46-51C9-4080-B554-BD4E3B314333}.Debug|Any CPU.ActiveCfg = Debug|x86
		{E3BB9A46-51C9-4080-B554-BD4E3B314333}.Debug|x86.ActiveCfg = Debug|x86
		{E3BB9A46-51C9-4080-B554-BD4E3B314333}.Debug|x86.Build.0 = Debug|x86
		{E3BB9A46-51C9-4080-B554-BD4E3B314333}.Release|Any CPU.ActiveCfg = Debug|x86
		{E3BB9A46-51C9-4080-B554-BD4E3B314333}.Release|Any CPU.Build.0 = Debug|x86
		{E3BB9A46-51C9-4080-B554-BD4E3B314333}.Release|x86.ActiveCfg = Debug|x86
		{E3BB9A46-51C9-4080-B554-BD4E3B314333}.Release|x86.Build.0 = Debug|x86
	EndGlobalSection
	GlobalSection(SolutionProperties) = preSolution
		HideSolutionNode = FALSE
	EndGlobalSection
	GlobalSection(NestedProjects) = preSolution
		{7665CFB2-C92F-4A03-9980-2B85EDBBBD24} = {FD584055-E3CE-4B14-A0B6-A8E2AECE82FF}
		{1EBF7F35-F30E-4481-8E67-EBE8F3A383FD} = {BD1BD457-BBF6-4BD5-8DE4-1BDE59759D70}
		{7F14849C-E14B-49A3-BBDE-7613266D289F} = {99D6F416-2789-440C-8BF0-16CA4DF155F8}
		{75D563F8-F266-405E-B6DB-56B0C4823899} = {499F5C01-4457-4F36-9383-516B05074B5B}
		{BB0C9C42-83D0-48DD-AC4F-5FF2E6E3F484} = {7E2D76D5-AB2B-46C0-8283-AACFCE6F3E5A}
		{E3BB9A46-51C9-4080-B554-BD4E3B314333} = {99D6F416-2789-440C-8BF0-16CA4DF155F8}
	EndGlobalSection
	GlobalSection(ExtensibilityGlobals) = postSolution
		SolutionGuid = {FECC5CD3-F2EA-44E1-9377-38241D7EC243}
	EndGlobalSection
EndGlobal
